
Microsoft Visual Studio Solution File, Format Version 12.00
# Visual Studio Version 17
VisualStudioVersion = 17.4.33403.182
MinimumVisualStudioVersion = 10.0.40219.1
Project("{8BC9CEB8-8B4A-11D0-8D11-00A0C91BC942}") = "EDRLIB", "EDRLIB\EDRLIB.vcxproj", "{C3AE50C0-071E-45D2-AA13-740320EE5BF5}"
EndProject
Project("{8BC9CEB8-8B4A-11D0-8D11-00A0C91BC942}") = "EDRTEST", "EDRTEST\EDRTEST.vcxproj", "{A7F21C76-24BC-4A02-AFB6-4B261D2ACA72}"
	ProjectSection(ProjectDependencies) = postProject
		{C3AE50C0-071E-45D2-AA13-740320EE5BF5} = {C3AE50C0-071E-45D2-AA13-740320EE5BF5}
	EndProjectSection
EndProject
Global
	GlobalSection(SolutionConfigurationPlatforms) = preSolution
		Debug|x64 = Debug|x64
		Debug|x86 = Debug|x86
		Release|x64 = Release|x64
		Release|x86 = Release|x86
	EndGlobalSection
	GlobalSection(ProjectConfigurationPlatforms) = postSolution
		{C3AE50C0-071E-45D2-AA13-740320EE5BF5}.Debug|x64.ActiveCfg = Debug|x64
		{C3AE50C0-071E-45D2-AA13-740320EE5BF5}.Debug|x64.Build.0 = Debug|x64
		{C3AE50C0-071E-45D2-AA13-740320EE5BF5}.Debug|x86.ActiveCfg = Debug|Win32
		{C3AE50C0-071E-45D2-AA13-740320EE5BF5}.Debug|x86.Build.0 = Debug|Win32
		{C3AE50C0-071E-45D2-AA13-740320EE5BF5}.Release|x64.ActiveCfg = Release|x64
		{C3AE50C0-071E-45D2-AA13-740320EE5BF5}.Release|x64.Build.0 = Release|x64
		{C3AE50C0-071E-45D2-AA13-740320EE5BF5}.Release|x86.ActiveCfg = Release|Win32
		{C3AE50C0-071E-45D2-AA13-740320EE5BF5}.Release|x86.Build.0 = Release|Win32
		{A7F21C76-24BC-4A02-AFB6-4B261D2ACA72}.Debug|x64.ActiveCfg = Debug|x64
		{A7F21C76-24BC-4A02-AFB6-4B261D2ACA72}.Debug|x64.Build.0 = Debug|x64
		{A7F21C76-24BC-4A02-AFB6-4B261D2ACA72}.Debug|x86.ActiveCfg = Debug|Win32
		{A7F21C76-24BC-4A02-AFB6-4B261D2ACA72}.Debug|x86.Build.0 = Debug|Win32
		{A7F21C76-24BC-4A02-AFB6-4B261D2ACA72}.Release|x64.ActiveCfg = Release|x64
		{A7F21C76-24BC-4A02-AFB6-4B261D2ACA72}.Release|x64.Build.0 = Release|x64
		{A7F21C76-24BC-4A02-AFB6-4B261D2ACA72}.Release|x86.ActiveCfg = Release|Win32
		{A7F21C76-24BC-4A02-AFB6-4B261D2ACA72}.Release|x86.Build.0 = Release|Win32
	EndGlobalSection
	GlobalSection(SolutionProperties) = preSolution
		HideSolutionNode = FALSE
	EndGlobalSection
	GlobalSection(ExtensibilityGlobals) = postSolution
		SolutionGuid = {3B62D375-E8C9-4538-A0C6-91E5B2EFFD5D}
	EndGlobalSection
EndGlobal
